
Microsoft Visual Studio Solution File, Format Version 12.00
# Visual Studio Version 17
VisualStudioVersion = 17.6.33815.320
MinimumVisualStudioVersion = 10.0.40219.1
Project("{FAE04EC0-301F-11D3-BF4B-00C04F79EFBC}") = "Lab09-LINQinManhattan", "Lab09-LINQinManhattan\Lab09-LINQinManhattan.csproj", "{0894712D-034F-4938-8703-F5C962D49C7C}"
EndProject
Global
	GlobalSection(SolutionConfigurationPlatforms) = preSolution
		Debug|Any CPU = Debug|Any CPU
		Release|Any CPU = Release|Any CPU
	EndGlobalSection
	GlobalSection(ProjectConfigurationPlatforms) = postSolution
		{0894712D-034F-4938-8703-F5C962D49C7C}.Debug|Any CPU.ActiveCfg = Debug|Any CPU
		{0894712D-034F-4938-8703-F5C962D49C7C}.Debug|Any CPU.Build.0 = Debug|Any CPU
		{0894712D-034F-4938-8703-F5C962D49C7C}.Release|Any CPU.ActiveCfg = Release|Any CPU
		{0894712D-034F-4938-8703-F5C962D49C7C}.Release|Any CPU.Build.0 = Release|Any CPU
	EndGlobalSection
	GlobalSection(SolutionProperties) = preSolution
		HideSolutionNode = FALSE
	EndGlobalSection
	GlobalSection(ExtensibilityGlobals) = postSolution
		SolutionGuid = {D48B5E84-72AA-42BC-8355-D9B6454EAD39}
	EndGlobalSection
EndGlobal
